
Microsoft Visual Studio Solution File, Format Version 12.00
# Visual Studio Version 16
VisualStudioVersion = 16.0.31613.86
MinimumVisualStudioVersion = 10.0.40219.1
Project("{FAE04EC0-301F-11D3-BF4B-00C04F79EFBC}") = "RulesEngineEditor", "src\RulesEngineEditor\RulesEngineEditor.csproj", "{9005B47C-DDEC-4CD4-AAED-686F55421657}"
EndProject
Project("{FAE04EC0-301F-11D3-BF4B-00C04F79EFBC}") = "RulesEngineEditorServer", "demo\RulesEngineEditorServer\RulesEngineEditorServer.csproj", "{95A0E8B3-4F62-48B2-BDC8-C5EDCA513639}"
EndProject
Global
	GlobalSection(SolutionConfigurationPlatforms) = preSolution
		Debug|Any CPU = Debug|Any CPU
		Release|Any CPU = Release|Any CPU
	EndGlobalSection
	GlobalSection(ProjectConfigurationPlatforms) = postSolution
		{9005B47C-DDEC-4CD4-AAED-686F55421657}.Debug|Any CPU.ActiveCfg = Debug|Any CPU
		{9005B47C-DDEC-4CD4-AAED-686F55421657}.Debug|Any CPU.Build.0 = Debug|Any CPU
		{9005B47C-DDEC-4CD4-AAED-686F55421657}.Release|Any CPU.ActiveCfg = Release|Any CPU
		{9005B47C-DDEC-4CD4-AAED-686F55421657}.Release|Any CPU.Build.0 = Release|Any CPU
		{95A0E8B3-4F62-48B2-BDC8-C5EDCA513639}.Debug|Any CPU.ActiveCfg = Debug|Any CPU
		{95A0E8B3-4F62-48B2-BDC8-C5EDCA513639}.Debug|Any CPU.Build.0 = Debug|Any CPU
		{95A0E8B3-4F62-48B2-BDC8-C5EDCA513639}.Release|Any CPU.ActiveCfg = Release|Any CPU
		{95A0E8B3-4F62-48B2-BDC8-C5EDCA513639}.Release|Any CPU.Build.0 = Release|Any CPU
	EndGlobalSection
	GlobalSection(SolutionProperties) = preSolution
		HideSolutionNode = FALSE
	EndGlobalSection
	GlobalSection(ExtensibilityGlobals) = postSolution
		SolutionGuid = {496AC40F-DB40-4BB1-A467-83F3F4303233}
	EndGlobalSection
EndGlobal
