
Microsoft Visual Studio Solution File, Format Version 12.00
# Visual Studio Version 17
VisualStudioVersion = 17.0.31612.314
MinimumVisualStudioVersion = 10.0.40219.1
Project("{9A19103F-16F7-4668-BE54-9A1E7A4F7556}") = "RulesEngineEditor", "src\RulesEngineEditor\RulesEngineEditor.csproj", "{9005B47C-DDEC-4CD4-AAED-686F55421657}"
EndProject
Project("{9A19103F-16F7-4668-BE54-9A1E7A4F7556}") = "RulesEngineEditorServer", "demo\RulesEngineEditorServer\RulesEngineEditorServer.csproj", "{95A0E8B3-4F62-48B2-BDC8-C5EDCA513639}"
EndProject
Project("{2150E333-8FDC-42A3-9474-1A3956D46DE8}") = "Solution Items", "Solution Items", "{0F9C5D7A-25C3-423A-B1F2-0B62051B582A}"
	ProjectSection(SolutionItems) = preProject
		.github\workflows\main.yml = .github\workflows\main.yml
	EndProjectSection
EndProject
Project("{2150E333-8FDC-42A3-9474-1A3956D46DE8}") = "TestData", "TestData", "{5A2BEF0B-F535-402B-878C-669A3E09406B}"
	ProjectSection(SolutionItems) = preProject
		demo\TestData\Discount.json = demo\TestData\Discount.json
		demo\TestData\DiscountInputs.json = demo\TestData\DiscountInputs.json
	EndProjectSection
EndProject
Project("{9A19103F-16F7-4668-BE54-9A1E7A4F7556}") = "RulesEngineEditorClient", "demo\RulesEngineEditorClient\RulesEngineEditorClient.csproj", "{410472F0-BE2A-4C08-8567-5A4D81FC55EE}"
EndProject
Global
	GlobalSection(SolutionConfigurationPlatforms) = preSolution
		Debug|Any CPU = Debug|Any CPU
		Release|Any CPU = Release|Any CPU
	EndGlobalSection
	GlobalSection(ProjectConfigurationPlatforms) = postSolution
		{9005B47C-DDEC-4CD4-AAED-686F55421657}.Debug|Any CPU.ActiveCfg = Debug|Any CPU
		{9005B47C-DDEC-4CD4-AAED-686F55421657}.Debug|Any CPU.Build.0 = Debug|Any CPU
		{9005B47C-DDEC-4CD4-AAED-686F55421657}.Release|Any CPU.ActiveCfg = Release|Any CPU
		{9005B47C-DDEC-4CD4-AAED-686F55421657}.Release|Any CPU.Build.0 = Release|Any CPU
		{95A0E8B3-4F62-48B2-BDC8-C5EDCA513639}.Debug|Any CPU.ActiveCfg = Debug|Any CPU
		{95A0E8B3-4F62-48B2-BDC8-C5EDCA513639}.Debug|Any CPU.Build.0 = Debug|Any CPU
		{95A0E8B3-4F62-48B2-BDC8-C5EDCA513639}.Release|Any CPU.ActiveCfg = Release|Any CPU
		{95A0E8B3-4F62-48B2-BDC8-C5EDCA513639}.Release|Any CPU.Build.0 = Release|Any CPU
		{410472F0-BE2A-4C08-8567-5A4D81FC55EE}.Debug|Any CPU.ActiveCfg = Debug|Any CPU
		{410472F0-BE2A-4C08-8567-5A4D81FC55EE}.Debug|Any CPU.Build.0 = Debug|Any CPU
		{410472F0-BE2A-4C08-8567-5A4D81FC55EE}.Release|Any CPU.ActiveCfg = Release|Any CPU
		{410472F0-BE2A-4C08-8567-5A4D81FC55EE}.Release|Any CPU.Build.0 = Release|Any CPU
	EndGlobalSection
	GlobalSection(SolutionProperties) = preSolution
		HideSolutionNode = FALSE
	EndGlobalSection
	GlobalSection(NestedProjects) = preSolution
		{5A2BEF0B-F535-402B-878C-669A3E09406B} = {0F9C5D7A-25C3-423A-B1F2-0B62051B582A}
	EndGlobalSection
	GlobalSection(ExtensibilityGlobals) = postSolution
		SolutionGuid = {496AC40F-DB40-4BB1-A467-83F3F4303233}
	EndGlobalSection
EndGlobal
